// !$*UTF8*$!
{
	archiveVersion = 1;
	classes = {
	};
	objectVersion = 56;
	objects = {

/* Begin PBXBuildFile section */
		6E1597F329C9C0F3002C08B5 /* AppDelegate.swift in Sources */ = {isa = PBXBuildFile; fileRef = 6E1597F229C9C0F3002C08B5 /* AppDelegate.swift */; };
		6E1597F529C9C0F3002C08B5 /* SceneDelegate.swift in Sources */ = {isa = PBXBuildFile; fileRef = 6E1597F429C9C0F3002C08B5 /* SceneDelegate.swift */; };
		6E1597FC29C9C0F4002C08B5 /* Assets.xcassets in Resources */ = {isa = PBXBuildFile; fileRef = 6E1597FB29C9C0F4002C08B5 /* Assets.xcassets */; };
		6E1597FF29C9C0F4002C08B5 /* LaunchScreen.storyboard in Resources */ = {isa = PBXBuildFile; fileRef = 6E1597FD29C9C0F4002C08B5 /* LaunchScreen.storyboard */; };
		6E15981129C9C69A002C08B5 /* TeamResponse.swift in Sources */ = {isa = PBXBuildFile; fileRef = 6E15981029C9C69A002C08B5 /* TeamResponse.swift */; };
		6E15981329C9C6A4002C08B5 /* MatchResponse.swift in Sources */ = {isa = PBXBuildFile; fileRef = 6E15981229C9C6A4002C08B5 /* MatchResponse.swift */; };
		6E15981529C9C708002C08B5 /* Matches.swift in Sources */ = {isa = PBXBuildFile; fileRef = 6E15981429C9C708002C08B5 /* Matches.swift */; };
		6E15981A29C9CAA1002C08B5 /* Networking in Frameworks */ = {isa = PBXBuildFile; productRef = 6E15981929C9CAA1002C08B5 /* Networking */; };
		6E15981E29C9CB12002C08B5 /* ViewCodable.swift in Sources */ = {isa = PBXBuildFile; fileRef = 6E15981D29C9CB12002C08B5 /* ViewCodable.swift */; };
		6E15982029C9CB32002C08B5 /* UIView+addSubviews.swift in Sources */ = {isa = PBXBuildFile; fileRef = 6E15981F29C9CB32002C08B5 /* UIView+addSubviews.swift */; };
		6E15983129C9CBA4002C08B5 /* UIViewAddSubviewsTests.swift in Sources */ = {isa = PBXBuildFile; fileRef = 6E15983029C9CBA4002C08B5 /* UIViewAddSubviewsTests.swift */; };
		6E15983429C9CC19002C08B5 /* TeamEndpoint.swift in Sources */ = {isa = PBXBuildFile; fileRef = 6E15983329C9CC19002C08B5 /* TeamEndpoint.swift */; };
		6E15983629C9CC1F002C08B5 /* MatchEndpoint.swift in Sources */ = {isa = PBXBuildFile; fileRef = 6E15983529C9CC1F002C08B5 /* MatchEndpoint.swift */; };
		6E15983A29C9CD7C002C08B5 /* ImageLoaderProtocol.swift in Sources */ = {isa = PBXBuildFile; fileRef = 6E15983929C9CD7C002C08B5 /* ImageLoaderProtocol.swift */; };
		6E15983C29C9CD86002C08B5 /* ImageLoader.swift in Sources */ = {isa = PBXBuildFile; fileRef = 6E15983B29C9CD86002C08B5 /* ImageLoader.swift */; };
		6E15984029C9D1D6002C08B5 /* MatchesViewController.swift in Sources */ = {isa = PBXBuildFile; fileRef = 6E15983F29C9D1D6002C08B5 /* MatchesViewController.swift */; };
		6E15984229C9D1DB002C08B5 /* MatchesView.swift in Sources */ = {isa = PBXBuildFile; fileRef = 6E15984129C9D1DB002C08B5 /* MatchesView.swift */; };
		6E15984429C9D1E0002C08B5 /* MatchesViewModel.swift in Sources */ = {isa = PBXBuildFile; fileRef = 6E15984329C9D1E0002C08B5 /* MatchesViewModel.swift */; };
		6E15984729C9D5E3002C08B5 /* AppRouterProtocol.swift in Sources */ = {isa = PBXBuildFile; fileRef = 6E15984629C9D5E3002C08B5 /* AppRouterProtocol.swift */; };
		6E15984929C9D640002C08B5 /* AppRouter.swift in Sources */ = {isa = PBXBuildFile; fileRef = 6E15984829C9D640002C08B5 /* AppRouter.swift */; };
		6E15984D29C9D6EE002C08B5 /* Localizable.swift in Sources */ = {isa = PBXBuildFile; fileRef = 6E15984C29C9D6EE002C08B5 /* Localizable.swift */; };
		6E15985029C9D701002C08B5 /* Localizable.strings in Resources */ = {isa = PBXBuildFile; fileRef = 6E15985229C9D701002C08B5 /* Localizable.strings */; };
		6E15985629C9DB17002C08B5 /* DIContainer in Frameworks */ = {isa = PBXBuildFile; productRef = 6E15985529C9DB17002C08B5 /* DIContainer */; };
		6E15985929C9DF04002C08B5 /* MatchProvider.swift in Sources */ = {isa = PBXBuildFile; fileRef = 6E15985829C9DF04002C08B5 /* MatchProvider.swift */; };
		6E15985B29C9DF0B002C08B5 /* TeamProvider.swift in Sources */ = {isa = PBXBuildFile; fileRef = 6E15985A29C9DF0B002C08B5 /* TeamProvider.swift */; };
		6E15985F29C9E673002C08B5 /* TeamProviderProtocol.swift in Sources */ = {isa = PBXBuildFile; fileRef = 6E15985E29C9E673002C08B5 /* TeamProviderProtocol.swift */; };
		6E15986129C9E681002C08B5 /* MatchProviderProtocol.swift in Sources */ = {isa = PBXBuildFile; fileRef = 6E15986029C9E681002C08B5 /* MatchProviderProtocol.swift */; };
		6E15986729CA16C0002C08B5 /* SectionHeaderReusableView.swift in Sources */ = {isa = PBXBuildFile; fileRef = 6E15986629CA16C0002C08B5 /* SectionHeaderReusableView.swift */; };
		6E15986929CA16F2002C08B5 /* UICollectionReusableView+identifier.swift in Sources */ = {isa = PBXBuildFile; fileRef = 6E15986829CA16F2002C08B5 /* UICollectionReusableView+identifier.swift */; };
		6E15986B29CA272B002C08B5 /* MatchCell.swift in Sources */ = {isa = PBXBuildFile; fileRef = 6E15986A29CA272B002C08B5 /* MatchCell.swift */; };
		6E15986E29CA27BC002C08B5 /* DateHeaderView.swift in Sources */ = {isa = PBXBuildFile; fileRef = 6E15986D29CA27BC002C08B5 /* DateHeaderView.swift */; };
		6E15987129CA288D002C08B5 /* StringToDateFormatter.swift in Sources */ = {isa = PBXBuildFile; fileRef = 6E15987029CA288D002C08B5 /* StringToDateFormatter.swift */; };
		6E15987929CA3086002C08B5 /* TeamView.swift in Sources */ = {isa = PBXBuildFile; fileRef = 6E15987829CA3086002C08B5 /* TeamView.swift */; };
		6E15987B29CA3188002C08B5 /* UIStackView+addArrangedSubviews.swift in Sources */ = {isa = PBXBuildFile; fileRef = 6E15987A29CA3188002C08B5 /* UIStackView+addArrangedSubviews.swift */; };
		6E15987E29CA3260002C08B5 /* TeamViewModel.swift in Sources */ = {isa = PBXBuildFile; fileRef = 6E15987D29CA3260002C08B5 /* TeamViewModel.swift */; };
		6E15988029CA3425002C08B5 /* MatchCellViewModel.swift in Sources */ = {isa = PBXBuildFile; fileRef = 6E15987F29CA3425002C08B5 /* MatchCellViewModel.swift */; };
		6E15988329CA3641002C08B5 /* DateHeaderViewModel.swift in Sources */ = {isa = PBXBuildFile; fileRef = 6E15988229CA3641002C08B5 /* DateHeaderViewModel.swift */; };
		6E15988529CA514F002C08B5 /* UIView+roundCorners.swift in Sources */ = {isa = PBXBuildFile; fileRef = 6E15988429CA514F002C08B5 /* UIView+roundCorners.swift */; };
		6E2404D929CB824200E564CB /* Models in Frameworks */ = {isa = PBXBuildFile; productRef = 6E2404D829CB824200E564CB /* Models */; };
		6E2404DB29CB838E00E564CB /* Team+imageUrl.swift in Sources */ = {isa = PBXBuildFile; fileRef = 6E2404DA29CB838E00E564CB /* Team+imageUrl.swift */; };
		6E2404DD29CB83FC00E564CB /* UpcomingMatch+dateFormatted.swift in Sources */ = {isa = PBXBuildFile; fileRef = 6E2404DC29CB83FC00E564CB /* UpcomingMatch+dateFormatted.swift */; };
		6E2404DF29CB843B00E564CB /* PreviousMatch+dateFormatted.swift in Sources */ = {isa = PBXBuildFile; fileRef = 6E2404DE29CB843B00E564CB /* PreviousMatch+dateFormatted.swift */; };
		6E2404E329CB86D100E564CB /* Storage in Frameworks */ = {isa = PBXBuildFile; productRef = 6E2404E229CB86D100E564CB /* Storage */; };
		6E2404E529CB88AD00E564CB /* UIViewController+showAlert.swift in Sources */ = {isa = PBXBuildFile; fileRef = 6E2404E429CB88AD00E564CB /* UIViewController+showAlert.swift */; };
		6E2404E729CB9C3900E564CB /* MatchesViewModelState.swift in Sources */ = {isa = PBXBuildFile; fileRef = 6E2404E629CB9C3900E564CB /* MatchesViewModelState.swift */; };
		6E2404E929CB9C4800E564CB /* MatchesViewModelError.swift in Sources */ = {isa = PBXBuildFile; fileRef = 6E2404E829CB9C4800E564CB /* MatchesViewModelError.swift */; };
		6E27E9E929CC6F7000CB1218 /* MockStorage.swift in Sources */ = {isa = PBXBuildFile; fileRef = 6E27E9E829CC6F7000CB1218 /* MockStorage.swift */; };
		6E27E9EB29CC721600CB1218 /* UIStackViewAddArrangedSubviewsTests.swift in Sources */ = {isa = PBXBuildFile; fileRef = 6E27E9EA29CC721600CB1218 /* UIStackViewAddArrangedSubviewsTests.swift */; };
		6E27E9ED29CC727800CB1218 /* UIViewRoundCornerTests.swift in Sources */ = {isa = PBXBuildFile; fileRef = 6E27E9EC29CC727800CB1218 /* UIViewRoundCornerTests.swift */; };
		6E27E9F029CC72BB00CB1218 /* SnapshotTesting in Frameworks */ = {isa = PBXBuildFile; productRef = 6E27E9EF29CC72BB00CB1218 /* SnapshotTesting */; };
		6E27E9F229CC73BB00CB1218 /* UIViewControllerShowAlertTests.swift in Sources */ = {isa = PBXBuildFile; fileRef = 6E27E9F129CC73BB00CB1218 /* UIViewControllerShowAlertTests.swift */; };
		6E27E9F429CC74F000CB1218 /* MockImageLoader.swift in Sources */ = {isa = PBXBuildFile; fileRef = 6E27E9F329CC74F000CB1218 /* MockImageLoader.swift */; };
		6E27E9F729CC7A5E00CB1218 /* MatchEndpointTests.swift in Sources */ = {isa = PBXBuildFile; fileRef = 6E27E9F629CC7A5E00CB1218 /* MatchEndpointTests.swift */; };
		6E27E9F929CC7AF800CB1218 /* TeamEndpointTests.swift in Sources */ = {isa = PBXBuildFile; fileRef = 6E27E9F829CC7AF800CB1218 /* TeamEndpointTests.swift */; };
		6E27E9FA29CC7FF100CB1218 /* Networking in Embed Frameworks */ = {isa = PBXBuildFile; productRef = 6E15981929C9CAA1002C08B5 /* Networking */; settings = {ATTRIBUTES = (CodeSignOnCopy, ); }; };
		6E27E9FC29CC7FF300CB1218 /* DIContainer in Embed Frameworks */ = {isa = PBXBuildFile; productRef = 6E15985529C9DB17002C08B5 /* DIContainer */; settings = {ATTRIBUTES = (CodeSignOnCopy, ); }; };
		6E27E9FF29CC8E3400CB1218 /* ball.png in Resources */ = {isa = PBXBuildFile; fileRef = 6E27E9FE29CC8E3400CB1218 /* ball.png */; };
		6E27EA0329CC8E5E00CB1218 /* ImageLoaderTests.swift in Sources */ = {isa = PBXBuildFile; fileRef = 6E27EA0229CC8E5E00CB1218 /* ImageLoaderTests.swift */; };
		6E27EA0629CC8F6600CB1218 /* StringToDateFormatterTests.swift in Sources */ = {isa = PBXBuildFile; fileRef = 6E27EA0529CC8F6600CB1218 /* StringToDateFormatterTests.swift */; };
		6E27EA0C29CC908D00CB1218 /* TeamDetailViewControllerTests.swift in Sources */ = {isa = PBXBuildFile; fileRef = 6E27EA0B29CC908D00CB1218 /* TeamDetailViewControllerTests.swift */; };
		6E27EA0E29CC944F00CB1218 /* TeamDetailViewModelTests.swift in Sources */ = {isa = PBXBuildFile; fileRef = 6E27EA0D29CC944F00CB1218 /* TeamDetailViewModelTests.swift */; };
		6E27EA1429CC97B100CB1218 /* MatchesViewControllerTests.swift in Sources */ = {isa = PBXBuildFile; fileRef = 6E27EA1329CC97B100CB1218 /* MatchesViewControllerTests.swift */; };
		6E27EA1629CC980300CB1218 /* MockMatchesRouterProtocol.swift in Sources */ = {isa = PBXBuildFile; fileRef = 6E27EA1529CC980300CB1218 /* MockMatchesRouterProtocol.swift */; };
		6E27EA1829CCA5B300CB1218 /* MockTeamProvider.swift in Sources */ = {isa = PBXBuildFile; fileRef = 6E27EA1729CCA5B300CB1218 /* MockTeamProvider.swift */; };
		6E27EA1A29CCA64900CB1218 /* MockMatchProvider.swift in Sources */ = {isa = PBXBuildFile; fileRef = 6E27EA1929CCA64900CB1218 /* MockMatchProvider.swift */; };
		6E27EA1C29CCB1C000CB1218 /* TestingSceneDelegate.swift in Sources */ = {isa = PBXBuildFile; fileRef = 6E27EA1B29CCB1C000CB1218 /* TestingSceneDelegate.swift */; };
		6E27EA1E29CCB20600CB1218 /* TestingRootViewController.swift in Sources */ = {isa = PBXBuildFile; fileRef = 6E27EA1D29CCB20600CB1218 /* TestingRootViewController.swift */; };
		6E27EA2029CCD63B00CB1218 /* MatchesViewModelTests.swift in Sources */ = {isa = PBXBuildFile; fileRef = 6E27EA1F29CCD63B00CB1218 /* MatchesViewModelTests.swift */; };
		6E27EA2529CCEC6500CB1218 /* FileManagerProviderProtocol.swift in Sources */ = {isa = PBXBuildFile; fileRef = 6E27EA2429CCEC6500CB1218 /* FileManagerProviderProtocol.swift */; };
		6E27EA2729CCEC7000CB1218 /* FileManagerProvider.swift in Sources */ = {isa = PBXBuildFile; fileRef = 6E27EA2629CCEC7000CB1218 /* FileManagerProvider.swift */; };
		6E27EA2929CCEC9200CB1218 /* FileManagerProviderError.swift in Sources */ = {isa = PBXBuildFile; fileRef = 6E27EA2829CCEC9200CB1218 /* FileManagerProviderError.swift */; };
		6E27EA2D29CCFD1500CB1218 /* MatchCellTests.swift in Sources */ = {isa = PBXBuildFile; fileRef = 6E27EA2C29CCFD1500CB1218 /* MatchCellTests.swift */; };
		6E27EA2F29CCFE8300CB1218 /* MatchCellViewModelTests.swift in Sources */ = {isa = PBXBuildFile; fileRef = 6E27EA2E29CCFE8200CB1218 /* MatchCellViewModelTests.swift */; };
		6E27EA3329CD007500CB1218 /* TeamViewTests.swift in Sources */ = {isa = PBXBuildFile; fileRef = 6E27EA3229CD007500CB1218 /* TeamViewTests.swift */; };
		6E27EA3529CD007E00CB1218 /* TeamViewModelTests.swift in Sources */ = {isa = PBXBuildFile; fileRef = 6E27EA3429CD007E00CB1218 /* TeamViewModelTests.swift */; };
		6E27EA3729CD154600CB1218 /* MockFileManagerProvider.swift in Sources */ = {isa = PBXBuildFile; fileRef = 6E27EA3629CD154600CB1218 /* MockFileManagerProvider.swift */; };
		6E598ACB29CA6EFD00182056 /* HighlightFooterView.swift in Sources */ = {isa = PBXBuildFile; fileRef = 6E598ACA29CA6EFD00182056 /* HighlightFooterView.swift */; };
		6E598ACD29CA726100182056 /* MatchesRouterProtocol.swift in Sources */ = {isa = PBXBuildFile; fileRef = 6E598ACC29CA726100182056 /* MatchesRouterProtocol.swift */; };
		6E598ACF29CB036F00182056 /* HighlightFooterViewModel.swift in Sources */ = {isa = PBXBuildFile; fileRef = 6E598ACE29CB036F00182056 /* HighlightFooterViewModel.swift */; };
		6E598AD329CB0AAE00182056 /* MatchesViewModel+Item.swift in Sources */ = {isa = PBXBuildFile; fileRef = 6E598AD229CB0AAE00182056 /* MatchesViewModel+Item.swift */; };
		6E598AD529CB0ADB00182056 /* MatchesViewModel+Section.swift in Sources */ = {isa = PBXBuildFile; fileRef = 6E598AD429CB0ADB00182056 /* MatchesViewModel+Section.swift */; };
		6E598AD929CB192500182056 /* TeamDetailView.swift in Sources */ = {isa = PBXBuildFile; fileRef = 6E598AD829CB192500182056 /* TeamDetailView.swift */; };
		6E598ADB29CB192D00182056 /* TeamDetailViewModel.swift in Sources */ = {isa = PBXBuildFile; fileRef = 6E598ADA29CB192D00182056 /* TeamDetailViewModel.swift */; };
		6E598ADD29CB193800182056 /* TeamDetailViewController.swift in Sources */ = {isa = PBXBuildFile; fileRef = 6E598ADC29CB193800182056 /* TeamDetailViewController.swift */; };
		6EACB7C729CC609500A00BB5 /* UICollectionReusableViewIdentifierTests.swift in Sources */ = {isa = PBXBuildFile; fileRef = 6EACB7C629CC609500A00BB5 /* UICollectionReusableViewIdentifierTests.swift */; };
		6EACB7C929CC6C5100A00BB5 /* main.swift in Sources */ = {isa = PBXBuildFile; fileRef = 6EACB7C829CC6C5100A00BB5 /* main.swift */; };
		6EACB7CB29CC6C6900A00BB5 /* TestingAppDelegate.swift in Sources */ = {isa = PBXBuildFile; fileRef = 6EACB7CA29CC6C6900A00BB5 /* TestingAppDelegate.swift */; };
		6EACB7CE29CC6CED00A00BB5 /* MockURLSessionNetworkingProtocol.swift in Sources */ = {isa = PBXBuildFile; fileRef = 6EACB7CD29CC6CED00A00BB5 /* MockURLSessionNetworkingProtocol.swift */; };
		6EACB7D029CC6CFB00A00BB5 /* Networking in Frameworks */ = {isa = PBXBuildFile; productRef = 6EACB7CF29CC6CFB00A00BB5 /* Networking */; };
		6EACB7D229CC6CFF00A00BB5 /* Models in Frameworks */ = {isa = PBXBuildFile; productRef = 6EACB7D129CC6CFF00A00BB5 /* Models */; };
		6EACB7D429CC6D0200A00BB5 /* DIContainer in Frameworks */ = {isa = PBXBuildFile; productRef = 6EACB7D329CC6D0200A00BB5 /* DIContainer */; };
/* End PBXBuildFile section */

/* Begin PBXContainerItemProxy section */
		6E15982929C9CB62002C08B5 /* PBXContainerItemProxy */ = {
			isa = PBXContainerItemProxy;
			containerPortal = 6E1597E729C9C0F3002C08B5 /* Project object */;
			proxyType = 1;
			remoteGlobalIDString = 6E1597EE29C9C0F3002C08B5;
			remoteInfo = FootballApp;
		};
/* End PBXContainerItemProxy section */

/* Begin PBXCopyFilesBuildPhase section */
		6E27E9FB29CC7FF100CB1218 /* Embed Frameworks */ = {
			isa = PBXCopyFilesBuildPhase;
			buildActionMask = 2147483647;
			dstPath = "";
			dstSubfolderSpec = 10;
			files = (
				6E27E9FA29CC7FF100CB1218 /* Networking in Embed Frameworks */,
				6E27E9FC29CC7FF300CB1218 /* DIContainer in Embed Frameworks */,
			);
			name = "Embed Frameworks";
			runOnlyForDeploymentPostprocessing = 0;
		};
/* End PBXCopyFilesBuildPhase section */

/* Begin PBXFileReference section */
		6E1597EF29C9C0F3002C08B5 /* FootballApp.app */ = {isa = PBXFileReference; explicitFileType = wrapper.application; includeInIndex = 0; path = FootballApp.app; sourceTree = BUILT_PRODUCTS_DIR; };
		6E1597F229C9C0F3002C08B5 /* AppDelegate.swift */ = {isa = PBXFileReference; lastKnownFileType = sourcecode.swift; path = AppDelegate.swift; sourceTree = "<group>"; };
		6E1597F429C9C0F3002C08B5 /* SceneDelegate.swift */ = {isa = PBXFileReference; lastKnownFileType = sourcecode.swift; path = SceneDelegate.swift; sourceTree = "<group>"; };
		6E1597FB29C9C0F4002C08B5 /* Assets.xcassets */ = {isa = PBXFileReference; lastKnownFileType = folder.assetcatalog; path = Assets.xcassets; sourceTree = "<group>"; };
		6E1597FE29C9C0F4002C08B5 /* Base */ = {isa = PBXFileReference; lastKnownFileType = file.storyboard; name = Base; path = Base.lproj/LaunchScreen.storyboard; sourceTree = "<group>"; };
		6E15980029C9C0F4002C08B5 /* Info.plist */ = {isa = PBXFileReference; lastKnownFileType = text.plist.xml; name = Info.plist; path = ../Info.plist; sourceTree = "<group>"; };
		6E15981029C9C69A002C08B5 /* TeamResponse.swift */ = {isa = PBXFileReference; lastKnownFileType = sourcecode.swift; path = TeamResponse.swift; sourceTree = "<group>"; };
		6E15981229C9C6A4002C08B5 /* MatchResponse.swift */ = {isa = PBXFileReference; lastKnownFileType = sourcecode.swift; path = MatchResponse.swift; sourceTree = "<group>"; };
		6E15981429C9C708002C08B5 /* Matches.swift */ = {isa = PBXFileReference; lastKnownFileType = sourcecode.swift; path = Matches.swift; sourceTree = "<group>"; };
		6E15981729C9C8B3002C08B5 /* Networking */ = {isa = PBXFileReference; lastKnownFileType = wrapper; path = Networking; sourceTree = "<group>"; };
		6E15981D29C9CB12002C08B5 /* ViewCodable.swift */ = {isa = PBXFileReference; lastKnownFileType = sourcecode.swift; path = ViewCodable.swift; sourceTree = "<group>"; };
		6E15981F29C9CB32002C08B5 /* UIView+addSubviews.swift */ = {isa = PBXFileReference; lastKnownFileType = sourcecode.swift; path = "UIView+addSubviews.swift"; sourceTree = "<group>"; };
		6E15982529C9CB62002C08B5 /* FootballAppTests.xctest */ = {isa = PBXFileReference; explicitFileType = wrapper.cfbundle; includeInIndex = 0; path = FootballAppTests.xctest; sourceTree = BUILT_PRODUCTS_DIR; };
		6E15982F29C9CBA4002C08B5 /* FootballAppTests-Bridging-Header.h */ = {isa = PBXFileReference; lastKnownFileType = sourcecode.c.h; path = "FootballAppTests-Bridging-Header.h"; sourceTree = "<group>"; };
		6E15983029C9CBA4002C08B5 /* UIViewAddSubviewsTests.swift */ = {isa = PBXFileReference; lastKnownFileType = sourcecode.swift; path = UIViewAddSubviewsTests.swift; sourceTree = "<group>"; };
		6E15983329C9CC19002C08B5 /* TeamEndpoint.swift */ = {isa = PBXFileReference; lastKnownFileType = sourcecode.swift; path = TeamEndpoint.swift; sourceTree = "<group>"; };
		6E15983529C9CC1F002C08B5 /* MatchEndpoint.swift */ = {isa = PBXFileReference; lastKnownFileType = sourcecode.swift; path = MatchEndpoint.swift; sourceTree = "<group>"; };
		6E15983929C9CD7C002C08B5 /* ImageLoaderProtocol.swift */ = {isa = PBXFileReference; lastKnownFileType = sourcecode.swift; path = ImageLoaderProtocol.swift; sourceTree = "<group>"; };
		6E15983B29C9CD86002C08B5 /* ImageLoader.swift */ = {isa = PBXFileReference; lastKnownFileType = sourcecode.swift; path = ImageLoader.swift; sourceTree = "<group>"; };
		6E15983F29C9D1D6002C08B5 /* MatchesViewController.swift */ = {isa = PBXFileReference; lastKnownFileType = sourcecode.swift; path = MatchesViewController.swift; sourceTree = "<group>"; };
		6E15984129C9D1DB002C08B5 /* MatchesView.swift */ = {isa = PBXFileReference; lastKnownFileType = sourcecode.swift; path = MatchesView.swift; sourceTree = "<group>"; };
		6E15984329C9D1E0002C08B5 /* MatchesViewModel.swift */ = {isa = PBXFileReference; lastKnownFileType = sourcecode.swift; path = MatchesViewModel.swift; sourceTree = "<group>"; };
		6E15984629C9D5E3002C08B5 /* AppRouterProtocol.swift */ = {isa = PBXFileReference; lastKnownFileType = sourcecode.swift; path = AppRouterProtocol.swift; sourceTree = "<group>"; };
		6E15984829C9D640002C08B5 /* AppRouter.swift */ = {isa = PBXFileReference; lastKnownFileType = sourcecode.swift; path = AppRouter.swift; sourceTree = "<group>"; };
		6E15984B29C9D6E6002C08B5 /* pt-BR */ = {isa = PBXFileReference; lastKnownFileType = text.plist.strings; name = "pt-BR"; path = "pt-BR.lproj/LaunchScreen.strings"; sourceTree = "<group>"; };
		6E15984C29C9D6EE002C08B5 /* Localizable.swift */ = {isa = PBXFileReference; lastKnownFileType = sourcecode.swift; path = Localizable.swift; sourceTree = "<group>"; };
		6E15985129C9D701002C08B5 /* en */ = {isa = PBXFileReference; lastKnownFileType = text.plist.strings; name = en; path = en.lproj/Localizable.strings; sourceTree = "<group>"; };
		6E15985329C9D704002C08B5 /* pt-BR */ = {isa = PBXFileReference; lastKnownFileType = text.plist.strings; name = "pt-BR"; path = "pt-BR.lproj/Localizable.strings"; sourceTree = "<group>"; };
		6E15985429C9D92E002C08B5 /* DIContainer */ = {isa = PBXFileReference; lastKnownFileType = wrapper; path = DIContainer; sourceTree = "<group>"; };
		6E15985829C9DF04002C08B5 /* MatchProvider.swift */ = {isa = PBXFileReference; lastKnownFileType = sourcecode.swift; path = MatchProvider.swift; sourceTree = "<group>"; };
		6E15985A29C9DF0B002C08B5 /* TeamProvider.swift */ = {isa = PBXFileReference; lastKnownFileType = sourcecode.swift; path = TeamProvider.swift; sourceTree = "<group>"; };
		6E15985E29C9E673002C08B5 /* TeamProviderProtocol.swift */ = {isa = PBXFileReference; lastKnownFileType = sourcecode.swift; path = TeamProviderProtocol.swift; sourceTree = "<group>"; };
		6E15986029C9E681002C08B5 /* MatchProviderProtocol.swift */ = {isa = PBXFileReference; lastKnownFileType = sourcecode.swift; path = MatchProviderProtocol.swift; sourceTree = "<group>"; };
		6E15986629CA16C0002C08B5 /* SectionHeaderReusableView.swift */ = {isa = PBXFileReference; lastKnownFileType = sourcecode.swift; path = SectionHeaderReusableView.swift; sourceTree = "<group>"; };
		6E15986829CA16F2002C08B5 /* UICollectionReusableView+identifier.swift */ = {isa = PBXFileReference; lastKnownFileType = sourcecode.swift; path = "UICollectionReusableView+identifier.swift"; sourceTree = "<group>"; };
		6E15986A29CA272B002C08B5 /* MatchCell.swift */ = {isa = PBXFileReference; lastKnownFileType = sourcecode.swift; path = MatchCell.swift; sourceTree = "<group>"; };
		6E15986D29CA27BC002C08B5 /* DateHeaderView.swift */ = {isa = PBXFileReference; lastKnownFileType = sourcecode.swift; path = DateHeaderView.swift; sourceTree = "<group>"; };
		6E15987029CA288D002C08B5 /* StringToDateFormatter.swift */ = {isa = PBXFileReference; lastKnownFileType = sourcecode.swift; path = StringToDateFormatter.swift; sourceTree = "<group>"; };
		6E15987829CA3086002C08B5 /* TeamView.swift */ = {isa = PBXFileReference; lastKnownFileType = sourcecode.swift; path = TeamView.swift; sourceTree = "<group>"; };
		6E15987A29CA3188002C08B5 /* UIStackView+addArrangedSubviews.swift */ = {isa = PBXFileReference; lastKnownFileType = sourcecode.swift; path = "UIStackView+addArrangedSubviews.swift"; sourceTree = "<group>"; };
		6E15987D29CA3260002C08B5 /* TeamViewModel.swift */ = {isa = PBXFileReference; lastKnownFileType = sourcecode.swift; path = TeamViewModel.swift; sourceTree = "<group>"; };
		6E15987F29CA3425002C08B5 /* MatchCellViewModel.swift */ = {isa = PBXFileReference; lastKnownFileType = sourcecode.swift; path = MatchCellViewModel.swift; sourceTree = "<group>"; };
		6E15988229CA3641002C08B5 /* DateHeaderViewModel.swift */ = {isa = PBXFileReference; lastKnownFileType = sourcecode.swift; path = DateHeaderViewModel.swift; sourceTree = "<group>"; };
		6E15988429CA514F002C08B5 /* UIView+roundCorners.swift */ = {isa = PBXFileReference; lastKnownFileType = sourcecode.swift; path = "UIView+roundCorners.swift"; sourceTree = "<group>"; };
		6E2404D629CB7FC000E564CB /* Storage */ = {isa = PBXFileReference; lastKnownFileType = wrapper; path = Storage; sourceTree = "<group>"; };
		6E2404D729CB81C800E564CB /* Models */ = {isa = PBXFileReference; lastKnownFileType = wrapper; path = Models; sourceTree = "<group>"; };
		6E2404DA29CB838E00E564CB /* Team+imageUrl.swift */ = {isa = PBXFileReference; lastKnownFileType = sourcecode.swift; path = "Team+imageUrl.swift"; sourceTree = "<group>"; };
		6E2404DC29CB83FC00E564CB /* UpcomingMatch+dateFormatted.swift */ = {isa = PBXFileReference; lastKnownFileType = sourcecode.swift; path = "UpcomingMatch+dateFormatted.swift"; sourceTree = "<group>"; };
		6E2404DE29CB843B00E564CB /* PreviousMatch+dateFormatted.swift */ = {isa = PBXFileReference; lastKnownFileType = sourcecode.swift; path = "PreviousMatch+dateFormatted.swift"; sourceTree = "<group>"; };
		6E2404E429CB88AD00E564CB /* UIViewController+showAlert.swift */ = {isa = PBXFileReference; lastKnownFileType = sourcecode.swift; path = "UIViewController+showAlert.swift"; sourceTree = "<group>"; };
		6E2404E629CB9C3900E564CB /* MatchesViewModelState.swift */ = {isa = PBXFileReference; lastKnownFileType = sourcecode.swift; path = MatchesViewModelState.swift; sourceTree = "<group>"; };
		6E2404E829CB9C4800E564CB /* MatchesViewModelError.swift */ = {isa = PBXFileReference; lastKnownFileType = sourcecode.swift; path = MatchesViewModelError.swift; sourceTree = "<group>"; };
		6E27E9E829CC6F7000CB1218 /* MockStorage.swift */ = {isa = PBXFileReference; lastKnownFileType = sourcecode.swift; path = MockStorage.swift; sourceTree = "<group>"; };
		6E27E9EA29CC721600CB1218 /* UIStackViewAddArrangedSubviewsTests.swift */ = {isa = PBXFileReference; lastKnownFileType = sourcecode.swift; path = UIStackViewAddArrangedSubviewsTests.swift; sourceTree = "<group>"; };
		6E27E9EC29CC727800CB1218 /* UIViewRoundCornerTests.swift */ = {isa = PBXFileReference; lastKnownFileType = sourcecode.swift; path = UIViewRoundCornerTests.swift; sourceTree = "<group>"; };
		6E27E9F129CC73BB00CB1218 /* UIViewControllerShowAlertTests.swift */ = {isa = PBXFileReference; lastKnownFileType = sourcecode.swift; path = UIViewControllerShowAlertTests.swift; sourceTree = "<group>"; };
		6E27E9F329CC74F000CB1218 /* MockImageLoader.swift */ = {isa = PBXFileReference; lastKnownFileType = sourcecode.swift; path = MockImageLoader.swift; sourceTree = "<group>"; };
		6E27E9F629CC7A5E00CB1218 /* MatchEndpointTests.swift */ = {isa = PBXFileReference; lastKnownFileType = sourcecode.swift; path = MatchEndpointTests.swift; sourceTree = "<group>"; };
		6E27E9F829CC7AF800CB1218 /* TeamEndpointTests.swift */ = {isa = PBXFileReference; lastKnownFileType = sourcecode.swift; path = TeamEndpointTests.swift; sourceTree = "<group>"; };
		6E27E9FE29CC8E3400CB1218 /* ball.png */ = {isa = PBXFileReference; lastKnownFileType = image.png; path = ball.png; sourceTree = "<group>"; };
		6E27EA0229CC8E5E00CB1218 /* ImageLoaderTests.swift */ = {isa = PBXFileReference; lastKnownFileType = sourcecode.swift; path = ImageLoaderTests.swift; sourceTree = "<group>"; };
		6E27EA0529CC8F6600CB1218 /* StringToDateFormatterTests.swift */ = {isa = PBXFileReference; lastKnownFileType = sourcecode.swift; path = StringToDateFormatterTests.swift; sourceTree = "<group>"; };
		6E27EA0B29CC908D00CB1218 /* TeamDetailViewControllerTests.swift */ = {isa = PBXFileReference; lastKnownFileType = sourcecode.swift; path = TeamDetailViewControllerTests.swift; sourceTree = "<group>"; };
		6E27EA0D29CC944F00CB1218 /* TeamDetailViewModelTests.swift */ = {isa = PBXFileReference; lastKnownFileType = sourcecode.swift; path = TeamDetailViewModelTests.swift; sourceTree = "<group>"; };
		6E27EA1329CC97B100CB1218 /* MatchesViewControllerTests.swift */ = {isa = PBXFileReference; lastKnownFileType = sourcecode.swift; path = MatchesViewControllerTests.swift; sourceTree = "<group>"; };
		6E27EA1529CC980300CB1218 /* MockMatchesRouterProtocol.swift */ = {isa = PBXFileReference; lastKnownFileType = sourcecode.swift; path = MockMatchesRouterProtocol.swift; sourceTree = "<group>"; };
		6E27EA1729CCA5B300CB1218 /* MockTeamProvider.swift */ = {isa = PBXFileReference; lastKnownFileType = sourcecode.swift; path = MockTeamProvider.swift; sourceTree = "<group>"; };
		6E27EA1929CCA64900CB1218 /* MockMatchProvider.swift */ = {isa = PBXFileReference; lastKnownFileType = sourcecode.swift; path = MockMatchProvider.swift; sourceTree = "<group>"; };
		6E27EA1B29CCB1C000CB1218 /* TestingSceneDelegate.swift */ = {isa = PBXFileReference; lastKnownFileType = sourcecode.swift; path = TestingSceneDelegate.swift; sourceTree = "<group>"; };
		6E27EA1D29CCB20600CB1218 /* TestingRootViewController.swift */ = {isa = PBXFileReference; lastKnownFileType = sourcecode.swift; path = TestingRootViewController.swift; sourceTree = "<group>"; };
		6E27EA1F29CCD63B00CB1218 /* MatchesViewModelTests.swift */ = {isa = PBXFileReference; lastKnownFileType = sourcecode.swift; path = MatchesViewModelTests.swift; sourceTree = "<group>"; };
		6E27EA2429CCEC6500CB1218 /* FileManagerProviderProtocol.swift */ = {isa = PBXFileReference; lastKnownFileType = sourcecode.swift; path = FileManagerProviderProtocol.swift; sourceTree = "<group>"; };
		6E27EA2629CCEC7000CB1218 /* FileManagerProvider.swift */ = {isa = PBXFileReference; lastKnownFileType = sourcecode.swift; path = FileManagerProvider.swift; sourceTree = "<group>"; };
		6E27EA2829CCEC9200CB1218 /* FileManagerProviderError.swift */ = {isa = PBXFileReference; lastKnownFileType = sourcecode.swift; path = FileManagerProviderError.swift; sourceTree = "<group>"; };
		6E27EA2C29CCFD1500CB1218 /* MatchCellTests.swift */ = {isa = PBXFileReference; lastKnownFileType = sourcecode.swift; path = MatchCellTests.swift; sourceTree = "<group>"; };
		6E27EA2E29CCFE8200CB1218 /* MatchCellViewModelTests.swift */ = {isa = PBXFileReference; lastKnownFileType = sourcecode.swift; path = MatchCellViewModelTests.swift; sourceTree = "<group>"; };
		6E27EA3229CD007500CB1218 /* TeamViewTests.swift */ = {isa = PBXFileReference; lastKnownFileType = sourcecode.swift; path = TeamViewTests.swift; sourceTree = "<group>"; };
		6E27EA3429CD007E00CB1218 /* TeamViewModelTests.swift */ = {isa = PBXFileReference; lastKnownFileType = sourcecode.swift; path = TeamViewModelTests.swift; sourceTree = "<group>"; };
		6E27EA3629CD154600CB1218 /* MockFileManagerProvider.swift */ = {isa = PBXFileReference; lastKnownFileType = sourcecode.swift; path = MockFileManagerProvider.swift; sourceTree = "<group>"; };
		6E598ACA29CA6EFD00182056 /* HighlightFooterView.swift */ = {isa = PBXFileReference; lastKnownFileType = sourcecode.swift; path = HighlightFooterView.swift; sourceTree = "<group>"; };
		6E598ACC29CA726100182056 /* MatchesRouterProtocol.swift */ = {isa = PBXFileReference; lastKnownFileType = sourcecode.swift; path = MatchesRouterProtocol.swift; sourceTree = "<group>"; };
		6E598ACE29CB036F00182056 /* HighlightFooterViewModel.swift */ = {isa = PBXFileReference; lastKnownFileType = sourcecode.swift; path = HighlightFooterViewModel.swift; sourceTree = "<group>"; };
		6E598AD229CB0AAE00182056 /* MatchesViewModel+Item.swift */ = {isa = PBXFileReference; lastKnownFileType = sourcecode.swift; path = "MatchesViewModel+Item.swift"; sourceTree = "<group>"; };
		6E598AD429CB0ADB00182056 /* MatchesViewModel+Section.swift */ = {isa = PBXFileReference; lastKnownFileType = sourcecode.swift; path = "MatchesViewModel+Section.swift"; sourceTree = "<group>"; };
		6E598AD829CB192500182056 /* TeamDetailView.swift */ = {isa = PBXFileReference; lastKnownFileType = sourcecode.swift; path = TeamDetailView.swift; sourceTree = "<group>"; };
		6E598ADA29CB192D00182056 /* TeamDetailViewModel.swift */ = {isa = PBXFileReference; lastKnownFileType = sourcecode.swift; path = TeamDetailViewModel.swift; sourceTree = "<group>"; };
		6E598ADC29CB193800182056 /* TeamDetailViewController.swift */ = {isa = PBXFileReference; lastKnownFileType = sourcecode.swift; path = TeamDetailViewController.swift; sourceTree = "<group>"; };
		6EACB7C629CC609500A00BB5 /* UICollectionReusableViewIdentifierTests.swift */ = {isa = PBXFileReference; lastKnownFileType = sourcecode.swift; path = UICollectionReusableViewIdentifierTests.swift; sourceTree = "<group>"; };
		6EACB7C829CC6C5100A00BB5 /* main.swift */ = {isa = PBXFileReference; lastKnownFileType = sourcecode.swift; path = main.swift; sourceTree = "<group>"; };
		6EACB7CA29CC6C6900A00BB5 /* TestingAppDelegate.swift */ = {isa = PBXFileReference; lastKnownFileType = sourcecode.swift; path = TestingAppDelegate.swift; sourceTree = "<group>"; };
		6EACB7CD29CC6CED00A00BB5 /* MockURLSessionNetworkingProtocol.swift */ = {isa = PBXFileReference; lastKnownFileType = sourcecode.swift; path = MockURLSessionNetworkingProtocol.swift; sourceTree = "<group>"; };
/* End PBXFileReference section */

/* Begin PBXFrameworksBuildPhase section */
		6E1597EC29C9C0F3002C08B5 /* Frameworks */ = {
			isa = PBXFrameworksBuildPhase;
			buildActionMask = 2147483647;
			files = (
				6E2404E329CB86D100E564CB /* Storage in Frameworks */,
				6E2404D929CB824200E564CB /* Models in Frameworks */,
				6E15981A29C9CAA1002C08B5 /* Networking in Frameworks */,
				6E15985629C9DB17002C08B5 /* DIContainer in Frameworks */,
			);
			runOnlyForDeploymentPostprocessing = 0;
		};
		6E15982229C9CB62002C08B5 /* Frameworks */ = {
			isa = PBXFrameworksBuildPhase;
			buildActionMask = 2147483647;
			files = (
				6EACB7D229CC6CFF00A00BB5 /* Models in Frameworks */,
				6E27E9F029CC72BB00CB1218 /* SnapshotTesting in Frameworks */,
				6EACB7D429CC6D0200A00BB5 /* DIContainer in Frameworks */,
				6EACB7D029CC6CFB00A00BB5 /* Networking in Frameworks */,
			);
			runOnlyForDeploymentPostprocessing = 0;
		};
/* End PBXFrameworksBuildPhase section */

/* Begin PBXGroup section */
		6E1597E629C9C0F3002C08B5 = {
			isa = PBXGroup;
			children = (
				6E1597F129C9C0F3002C08B5 /* FootballApp */,
				6E15981629C9C892002C08B5 /* Packages */,
				6E15982629C9CB62002C08B5 /* FootballAppTests */,
				6E1597F029C9C0F3002C08B5 /* Products */,
				6E15981829C9CAA1002C08B5 /* Frameworks */,
			);
			sourceTree = "<group>";
		};
		6E1597F029C9C0F3002C08B5 /* Products */ = {
			isa = PBXGroup;
			children = (
				6E1597EF29C9C0F3002C08B5 /* FootballApp.app */,
				6E15982529C9CB62002C08B5 /* FootballAppTests.xctest */,
			);
			name = Products;
			sourceTree = "<group>";
		};
		6E1597F129C9C0F3002C08B5 /* FootballApp */ = {
			isa = PBXGroup;
			children = (
				6E15983229C9CBF1002C08B5 /* Endpoints */,
				6E15980629C9C0F9002C08B5 /* Core */,
				6E15981C29C9CAF7002C08B5 /* Extensions */,
				6E15984A29C9D6D0002C08B5 /* Localizable */,
				6E15980729C9C51D002C08B5 /* Models */,
				6E15981B29C9CAED002C08B5 /* Protocols */,
				6E15985729C9DEF0002C08B5 /* Providers */,
				6E15984529C9D5D6002C08B5 /* Router */,
				6E15983D29C9D1BF002C08B5 /* Screens */,
				6E15983729C9CD63002C08B5 /* Services */,
				6E15986F29CA280C002C08B5 /* Utils */,
			);
			path = FootballApp;
			sourceTree = "<group>";
		};
		6E15980629C9C0F9002C08B5 /* Core */ = {
			isa = PBXGroup;
			children = (
				6E1597FD29C9C0F4002C08B5 /* LaunchScreen.storyboard */,
				6E15980029C9C0F4002C08B5 /* Info.plist */,
				6E1597FB29C9C0F4002C08B5 /* Assets.xcassets */,
				6E1597F429C9C0F3002C08B5 /* SceneDelegate.swift */,
				6E1597F229C9C0F3002C08B5 /* AppDelegate.swift */,
				6EACB7C829CC6C5100A00BB5 /* main.swift */,
			);
			path = Core;
			sourceTree = "<group>";
		};
		6E15980729C9C51D002C08B5 /* Models */ = {
			isa = PBXGroup;
			children = (
				6E15980E29C9C68B002C08B5 /* Team */,
				6E15980F29C9C68F002C08B5 /* Match */,
			);
			path = Models;
			sourceTree = "<group>";
		};
		6E15980E29C9C68B002C08B5 /* Team */ = {
			isa = PBXGroup;
			children = (
				6E15981029C9C69A002C08B5 /* TeamResponse.swift */,
				6E2404DA29CB838E00E564CB /* Team+imageUrl.swift */,
			);
			path = Team;
			sourceTree = "<group>";
		};
		6E15980F29C9C68F002C08B5 /* Match */ = {
			isa = PBXGroup;
			children = (
				6E15981229C9C6A4002C08B5 /* MatchResponse.swift */,
				6E15981429C9C708002C08B5 /* Matches.swift */,
				6E2404DC29CB83FC00E564CB /* UpcomingMatch+dateFormatted.swift */,
				6E2404DE29CB843B00E564CB /* PreviousMatch+dateFormatted.swift */,
			);
			path = Match;
			sourceTree = "<group>";
		};
		6E15981629C9C892002C08B5 /* Packages */ = {
			isa = PBXGroup;
			children = (
				6E2404D729CB81C800E564CB /* Models */,
				6E2404D629CB7FC000E564CB /* Storage */,
				6E15985429C9D92E002C08B5 /* DIContainer */,
				6E15981729C9C8B3002C08B5 /* Networking */,
			);
			path = Packages;
			sourceTree = "<group>";
		};
		6E15981829C9CAA1002C08B5 /* Frameworks */ = {
			isa = PBXGroup;
			children = (
			);
			name = Frameworks;
			sourceTree = "<group>";
		};
		6E15981B29C9CAED002C08B5 /* Protocols */ = {
			isa = PBXGroup;
			children = (
				6E15981D29C9CB12002C08B5 /* ViewCodable.swift */,
			);
			path = Protocols;
			sourceTree = "<group>";
		};
		6E15981C29C9CAF7002C08B5 /* Extensions */ = {
			isa = PBXGroup;
			children = (
				6E15981F29C9CB32002C08B5 /* UIView+addSubviews.swift */,
				6E15986829CA16F2002C08B5 /* UICollectionReusableView+identifier.swift */,
				6E15987A29CA3188002C08B5 /* UIStackView+addArrangedSubviews.swift */,
				6E15988429CA514F002C08B5 /* UIView+roundCorners.swift */,
				6E2404E429CB88AD00E564CB /* UIViewController+showAlert.swift */,
			);
			path = Extensions;
			sourceTree = "<group>";
		};
		6E15982629C9CB62002C08B5 /* FootballAppTests */ = {
			isa = PBXGroup;
			children = (
				6E27E9F529CC7A4D00CB1218 /* Endpoints */,
				6E15982E29C9CB6C002C08B5 /* Extensions */,
				6EACB7CC29CC6CE400A00BB5 /* Mocks */,
				6E27E9FD29CC8DF000CB1218 /* Resources */,
				6E27EA0729CC905000CB1218 /* Screens */,
				6E27EA0029CC8E3A00CB1218 /* Services */,
				6E27EA0429CC8F5500CB1218 /* Utils */,
				6EACB7CA29CC6C6900A00BB5 /* TestingAppDelegate.swift */,
				6E27EA1B29CCB1C000CB1218 /* TestingSceneDelegate.swift */,
				6E27EA1D29CCB20600CB1218 /* TestingRootViewController.swift */,
			);
			path = FootballAppTests;
			sourceTree = "<group>";
		};
		6E15982E29C9CB6C002C08B5 /* Extensions */ = {
			isa = PBXGroup;
			children = (
				6E15982F29C9CBA4002C08B5 /* FootballAppTests-Bridging-Header.h */,
				6E15983029C9CBA4002C08B5 /* UIViewAddSubviewsTests.swift */,
				6EACB7C629CC609500A00BB5 /* UICollectionReusableViewIdentifierTests.swift */,
				6E27E9EA29CC721600CB1218 /* UIStackViewAddArrangedSubviewsTests.swift */,
				6E27E9EC29CC727800CB1218 /* UIViewRoundCornerTests.swift */,
				6E27E9F129CC73BB00CB1218 /* UIViewControllerShowAlertTests.swift */,
			);
			path = Extensions;
			sourceTree = "<group>";
		};
		6E15983229C9CBF1002C08B5 /* Endpoints */ = {
			isa = PBXGroup;
			children = (
				6E15983529C9CC1F002C08B5 /* MatchEndpoint.swift */,
				6E15983329C9CC19002C08B5 /* TeamEndpoint.swift */,
			);
			path = Endpoints;
			sourceTree = "<group>";
		};
		6E15983729C9CD63002C08B5 /* Services */ = {
			isa = PBXGroup;
			children = (
				6E27EA2229CCEC4300CB1218 /* FileManagerProvider */,
				6E15983829C9CD72002C08B5 /* ImageLoader */,
			);
			path = Services;
			sourceTree = "<group>";
		};
		6E15983829C9CD72002C08B5 /* ImageLoader */ = {
			isa = PBXGroup;
			children = (
				6E15983B29C9CD86002C08B5 /* ImageLoader.swift */,
				6E15983929C9CD7C002C08B5 /* ImageLoaderProtocol.swift */,
			);
			path = ImageLoader;
			sourceTree = "<group>";
		};
		6E15983D29C9D1BF002C08B5 /* Screens */ = {
			isa = PBXGroup;
			children = (
				6E15986229C9E9C2002C08B5 /* TeamDetail */,
				6E15983E29C9D1C8002C08B5 /* Matches */,
			);
			path = Screens;
			sourceTree = "<group>";
		};
		6E15983E29C9D1C8002C08B5 /* Matches */ = {
			isa = PBXGroup;
			children = (
				6E598AD129CB0A8F00182056 /* ViewModel */,
				6E598AD029CB0A8800182056 /* View */,
				6E15986529CA16B5002C08B5 /* Cells */,
			);
			path = Matches;
			sourceTree = "<group>";
		};
		6E15984529C9D5D6002C08B5 /* Router */ = {
			isa = PBXGroup;
			children = (
				6E15984829C9D640002C08B5 /* AppRouter.swift */,
				6E15984629C9D5E3002C08B5 /* AppRouterProtocol.swift */,
				6E598ACC29CA726100182056 /* MatchesRouterProtocol.swift */,
			);
			path = Router;
			sourceTree = "<group>";
		};
		6E15984A29C9D6D0002C08B5 /* Localizable */ = {
			isa = PBXGroup;
			children = (
				6E15984C29C9D6EE002C08B5 /* Localizable.swift */,
				6E15985229C9D701002C08B5 /* Localizable.strings */,
			);
			path = Localizable;
			sourceTree = "<group>";
		};
		6E15985729C9DEF0002C08B5 /* Providers */ = {
			isa = PBXGroup;
			children = (
				6E15985C29C9E657002C08B5 /* Match */,
				6E15985D29C9E65E002C08B5 /* Team */,
			);
			path = Providers;
			sourceTree = "<group>";
		};
		6E15985C29C9E657002C08B5 /* Match */ = {
			isa = PBXGroup;
			children = (
				6E15985829C9DF04002C08B5 /* MatchProvider.swift */,
				6E15986029C9E681002C08B5 /* MatchProviderProtocol.swift */,
			);
			path = Match;
			sourceTree = "<group>";
		};
		6E15985D29C9E65E002C08B5 /* Team */ = {
			isa = PBXGroup;
			children = (
				6E15985A29C9DF0B002C08B5 /* TeamProvider.swift */,
				6E15985E29C9E673002C08B5 /* TeamProviderProtocol.swift */,
			);
			path = Team;
			sourceTree = "<group>";
		};
		6E15986229C9E9C2002C08B5 /* TeamDetail */ = {
			isa = PBXGroup;
			children = (
				6E598AD729CB191900182056 /* ViewModel */,
				6E598AD629CB191300182056 /* View */,
			);
			path = TeamDetail;
			sourceTree = "<group>";
		};
		6E15986529CA16B5002C08B5 /* Cells */ = {
			isa = PBXGroup;
			children = (
				6E15987429CA3053002C08B5 /* CommonViews */,
				6E15987529CA305D002C08B5 /* Header */,
				6E15987629CA3064002C08B5 /* Match */,
			);
			path = Cells;
			sourceTree = "<group>";
		};
		6E15986F29CA280C002C08B5 /* Utils */ = {
			isa = PBXGroup;
			children = (
				6E15987029CA288D002C08B5 /* StringToDateFormatter.swift */,
			);
			path = Utils;
			sourceTree = "<group>";
		};
		6E15987429CA3053002C08B5 /* CommonViews */ = {
			isa = PBXGroup;
			children = (
				6E598AC929CA6EEB00182056 /* HighlightFooterView */,
				6E15988129CA3634002C08B5 /* DateHeaderView */,
				6E15987C29CA3253002C08B5 /* TeamView */,
			);
			path = CommonViews;
			sourceTree = "<group>";
		};
		6E15987529CA305D002C08B5 /* Header */ = {
			isa = PBXGroup;
			children = (
				6E15986629CA16C0002C08B5 /* SectionHeaderReusableView.swift */,
			);
			path = Header;
			sourceTree = "<group>";
		};
		6E15987629CA3064002C08B5 /* Match */ = {
			isa = PBXGroup;
			children = (
				6E15986A29CA272B002C08B5 /* MatchCell.swift */,
				6E15987F29CA3425002C08B5 /* MatchCellViewModel.swift */,
			);
			path = Match;
			sourceTree = "<group>";
		};
		6E15987C29CA3253002C08B5 /* TeamView */ = {
			isa = PBXGroup;
			children = (
				6E15987829CA3086002C08B5 /* TeamView.swift */,
				6E15987D29CA3260002C08B5 /* TeamViewModel.swift */,
			);
			path = TeamView;
			sourceTree = "<group>";
		};
		6E15988129CA3634002C08B5 /* DateHeaderView */ = {
			isa = PBXGroup;
			children = (
				6E15986D29CA27BC002C08B5 /* DateHeaderView.swift */,
				6E15988229CA3641002C08B5 /* DateHeaderViewModel.swift */,
			);
			path = DateHeaderView;
			sourceTree = "<group>";
		};
		6E27E9F529CC7A4D00CB1218 /* Endpoints */ = {
			isa = PBXGroup;
			children = (
				6E27E9F629CC7A5E00CB1218 /* MatchEndpointTests.swift */,
				6E27E9F829CC7AF800CB1218 /* TeamEndpointTests.swift */,
			);
			path = Endpoints;
			sourceTree = "<group>";
		};
		6E27E9FD29CC8DF000CB1218 /* Resources */ = {
			isa = PBXGroup;
			children = (
				6E27E9FE29CC8E3400CB1218 /* ball.png */,
			);
			path = Resources;
			sourceTree = "<group>";
		};
		6E27EA0029CC8E3A00CB1218 /* Services */ = {
			isa = PBXGroup;
			children = (
				6E27EA0129CC8E4D00CB1218 /* ImageLoader */,
			);
			path = Services;
			sourceTree = "<group>";
		};
		6E27EA0129CC8E4D00CB1218 /* ImageLoader */ = {
			isa = PBXGroup;
			children = (
				6E27EA0229CC8E5E00CB1218 /* ImageLoaderTests.swift */,
			);
			path = ImageLoader;
			sourceTree = "<group>";
		};
		6E27EA0429CC8F5500CB1218 /* Utils */ = {
			isa = PBXGroup;
			children = (
				6E27EA0529CC8F6600CB1218 /* StringToDateFormatterTests.swift */,
			);
			path = Utils;
			sourceTree = "<group>";
		};
		6E27EA0729CC905000CB1218 /* Screens */ = {
			isa = PBXGroup;
			children = (
				6E27EA0F29CC96E800CB1218 /* Matches */,
				6E27EA0829CC906B00CB1218 /* TeamDetail */,
			);
			path = Screens;
			sourceTree = "<group>";
		};
		6E27EA0829CC906B00CB1218 /* TeamDetail */ = {
			isa = PBXGroup;
			children = (
				6E27EA0A29CC907300CB1218 /* ViewModel */,
				6E27EA0929CC907000CB1218 /* View */,
			);
			path = TeamDetail;
			sourceTree = "<group>";
		};
		6E27EA0929CC907000CB1218 /* View */ = {
			isa = PBXGroup;
			children = (
				6E27EA0B29CC908D00CB1218 /* TeamDetailViewControllerTests.swift */,
			);
			path = View;
			sourceTree = "<group>";
		};
		6E27EA0A29CC907300CB1218 /* ViewModel */ = {
			isa = PBXGroup;
			children = (
				6E27EA0D29CC944F00CB1218 /* TeamDetailViewModelTests.swift */,
			);
			path = ViewModel;
			sourceTree = "<group>";
		};
		6E27EA0F29CC96E800CB1218 /* Matches */ = {
			isa = PBXGroup;
			children = (
				6E27EA2A29CCFCF300CB1218 /* Cells */,
				6E27EA1229CC979600CB1218 /* ViewModel */,
				6E27EA1129CC979100CB1218 /* View */,
			);
			path = Matches;
			sourceTree = "<group>";
		};
		6E27EA1129CC979100CB1218 /* View */ = {
			isa = PBXGroup;
			children = (
				6E27EA1329CC97B100CB1218 /* MatchesViewControllerTests.swift */,
			);
			path = View;
			sourceTree = "<group>";
		};
		6E27EA1229CC979600CB1218 /* ViewModel */ = {
			isa = PBXGroup;
			children = (
				6E27EA1F29CCD63B00CB1218 /* MatchesViewModelTests.swift */,
			);
			path = ViewModel;
			sourceTree = "<group>";
		};
		6E27EA2229CCEC4300CB1218 /* FileManagerProvider */ = {
			isa = PBXGroup;
			children = (
				6E27EA2429CCEC6500CB1218 /* FileManagerProviderProtocol.swift */,
				6E27EA2629CCEC7000CB1218 /* FileManagerProvider.swift */,
				6E27EA2829CCEC9200CB1218 /* FileManagerProviderError.swift */,
			);
			path = FileManagerProvider;
			sourceTree = "<group>";
		};
		6E27EA2A29CCFCF300CB1218 /* Cells */ = {
			isa = PBXGroup;
			children = (
				6E27EA3029CD005B00CB1218 /* CommonViews */,
				6E27EA2B29CCFCFC00CB1218 /* Match */,
			);
			path = Cells;
			sourceTree = "<group>";
		};
		6E27EA2B29CCFCFC00CB1218 /* Match */ = {
			isa = PBXGroup;
			children = (
				6E27EA2C29CCFD1500CB1218 /* MatchCellTests.swift */,
				6E27EA2E29CCFE8200CB1218 /* MatchCellViewModelTests.swift */,
			);
			path = Match;
			sourceTree = "<group>";
		};
		6E27EA3029CD005B00CB1218 /* CommonViews */ = {
			isa = PBXGroup;
			children = (
				6E27EA3129CD006500CB1218 /* TeamView */,
			);
			path = CommonViews;
			sourceTree = "<group>";
		};
		6E27EA3129CD006500CB1218 /* TeamView */ = {
			isa = PBXGroup;
			children = (
				6E27EA3229CD007500CB1218 /* TeamViewTests.swift */,
				6E27EA3429CD007E00CB1218 /* TeamViewModelTests.swift */,
			);
			path = TeamView;
			sourceTree = "<group>";
		};
		6E598AC929CA6EEB00182056 /* HighlightFooterView */ = {
			isa = PBXGroup;
			children = (
				6E598ACA29CA6EFD00182056 /* HighlightFooterView.swift */,
				6E598ACE29CB036F00182056 /* HighlightFooterViewModel.swift */,
			);
			path = HighlightFooterView;
			sourceTree = "<group>";
		};
		6E598AD029CB0A8800182056 /* View */ = {
			isa = PBXGroup;
			children = (
				6E15983F29C9D1D6002C08B5 /* MatchesViewController.swift */,
				6E15984129C9D1DB002C08B5 /* MatchesView.swift */,
			);
			path = View;
			sourceTree = "<group>";
		};
		6E598AD129CB0A8F00182056 /* ViewModel */ = {
			isa = PBXGroup;
			children = (
				6E15984329C9D1E0002C08B5 /* MatchesViewModel.swift */,
				6E598AD229CB0AAE00182056 /* MatchesViewModel+Item.swift */,
				6E598AD429CB0ADB00182056 /* MatchesViewModel+Section.swift */,
				6E2404E629CB9C3900E564CB /* MatchesViewModelState.swift */,
				6E2404E829CB9C4800E564CB /* MatchesViewModelError.swift */,
			);
			path = ViewModel;
			sourceTree = "<group>";
		};
		6E598AD629CB191300182056 /* View */ = {
			isa = PBXGroup;
			children = (
				6E598AD829CB192500182056 /* TeamDetailView.swift */,
				6E598ADC29CB193800182056 /* TeamDetailViewController.swift */,
			);
			path = View;
			sourceTree = "<group>";
		};
		6E598AD729CB191900182056 /* ViewModel */ = {
			isa = PBXGroup;
			children = (
				6E598ADA29CB192D00182056 /* TeamDetailViewModel.swift */,
			);
			path = ViewModel;
			sourceTree = "<group>";
		};
		6EACB7CC29CC6CE400A00BB5 /* Mocks */ = {
			isa = PBXGroup;
			children = (
				6EACB7CD29CC6CED00A00BB5 /* MockURLSessionNetworkingProtocol.swift */,
				6E27E9E829CC6F7000CB1218 /* MockStorage.swift */,
				6E27E9F329CC74F000CB1218 /* MockImageLoader.swift */,
				6E27EA1529CC980300CB1218 /* MockMatchesRouterProtocol.swift */,
				6E27EA1729CCA5B300CB1218 /* MockTeamProvider.swift */,
				6E27EA1929CCA64900CB1218 /* MockMatchProvider.swift */,
				6E27EA3629CD154600CB1218 /* MockFileManagerProvider.swift */,
			);
			path = Mocks;
			sourceTree = "<group>";
		};
/* End PBXGroup section */

/* Begin PBXNativeTarget section */
		6E1597EE29C9C0F3002C08B5 /* FootballApp */ = {
			isa = PBXNativeTarget;
			buildConfigurationList = 6E15980329C9C0F4002C08B5 /* Build configuration list for PBXNativeTarget "FootballApp" */;
			buildPhases = (
				6E1597EB29C9C0F3002C08B5 /* Sources */,
				6E1597EC29C9C0F3002C08B5 /* Frameworks */,
				6E1597ED29C9C0F3002C08B5 /* Resources */,
				6E27E9FB29CC7FF100CB1218 /* Embed Frameworks */,
				6E27EA2129CCDC1A00CB1218 /* ShellScript */,
			);
			buildRules = (
			);
			dependencies = (
			);
			name = FootballApp;
			packageProductDependencies = (
				6E15981929C9CAA1002C08B5 /* Networking */,
				6E15985529C9DB17002C08B5 /* DIContainer */,
				6E2404D829CB824200E564CB /* Models */,
				6E2404E229CB86D100E564CB /* Storage */,
			);
			productName = FootballApp;
			productReference = 6E1597EF29C9C0F3002C08B5 /* FootballApp.app */;
			productType = "com.apple.product-type.application";
		};
		6E15982429C9CB62002C08B5 /* FootballAppTests */ = {
			isa = PBXNativeTarget;
			buildConfigurationList = 6E15982B29C9CB62002C08B5 /* Build configuration list for PBXNativeTarget "FootballAppTests" */;
			buildPhases = (
				6E15982129C9CB62002C08B5 /* Sources */,
				6E15982229C9CB62002C08B5 /* Frameworks */,
				6E15982329C9CB62002C08B5 /* Resources */,
			);
			buildRules = (
			);
			dependencies = (
				6E15982A29C9CB62002C08B5 /* PBXTargetDependency */,
			);
			name = FootballAppTests;
			packageProductDependencies = (
				6EACB7CF29CC6CFB00A00BB5 /* Networking */,
				6EACB7D129CC6CFF00A00BB5 /* Models */,
				6EACB7D329CC6D0200A00BB5 /* DIContainer */,
				6E27E9EF29CC72BB00CB1218 /* SnapshotTesting */,
			);
			productName = FootballAppTests;
			productReference = 6E15982529C9CB62002C08B5 /* FootballAppTests.xctest */;
			productType = "com.apple.product-type.bundle.unit-test";
		};
/* End PBXNativeTarget section */

/* Begin PBXProject section */
		6E1597E729C9C0F3002C08B5 /* Project object */ = {
			isa = PBXProject;
			attributes = {
				BuildIndependentTargetsInParallel = 1;
				LastSwiftUpdateCheck = 1410;
				LastUpgradeCheck = 1410;
				TargetAttributes = {
					6E1597EE29C9C0F3002C08B5 = {
						CreatedOnToolsVersion = 14.1;
					};
					6E15982429C9CB62002C08B5 = {
						CreatedOnToolsVersion = 14.1;
						LastSwiftMigration = 1410;
						TestTargetID = 6E1597EE29C9C0F3002C08B5;
					};
				};
			};
			buildConfigurationList = 6E1597EA29C9C0F3002C08B5 /* Build configuration list for PBXProject "FootballApp" */;
			compatibilityVersion = "Xcode 14.0";
			developmentRegion = en;
			hasScannedForEncodings = 0;
			knownRegions = (
				en,
				Base,
				"pt-BR",
			);
			mainGroup = 6E1597E629C9C0F3002C08B5;
			packageReferences = (
				6E27E9EE29CC72BB00CB1218 /* XCRemoteSwiftPackageReference "swift-snapshot-testing" */,
			);
			productRefGroup = 6E1597F029C9C0F3002C08B5 /* Products */;
			projectDirPath = "";
			projectRoot = "";
			targets = (
				6E1597EE29C9C0F3002C08B5 /* FootballApp */,
				6E15982429C9CB62002C08B5 /* FootballAppTests */,
			);
		};
/* End PBXProject section */

/* Begin PBXResourcesBuildPhase section */
		6E1597ED29C9C0F3002C08B5 /* Resources */ = {
			isa = PBXResourcesBuildPhase;
			buildActionMask = 2147483647;
			files = (
				6E1597FF29C9C0F4002C08B5 /* LaunchScreen.storyboard in Resources */,
				6E15985029C9D701002C08B5 /* Localizable.strings in Resources */,
				6E1597FC29C9C0F4002C08B5 /* Assets.xcassets in Resources */,
			);
			runOnlyForDeploymentPostprocessing = 0;
		};
		6E15982329C9CB62002C08B5 /* Resources */ = {
			isa = PBXResourcesBuildPhase;
			buildActionMask = 2147483647;
			files = (
				6E27E9FF29CC8E3400CB1218 /* ball.png in Resources */,
			);
			runOnlyForDeploymentPostprocessing = 0;
		};
/* End PBXResourcesBuildPhase section */

/* Begin PBXShellScriptBuildPhase section */
		6E27EA2129CCDC1A00CB1218 /* ShellScript */ = {
			isa = PBXShellScriptBuildPhase;
			buildActionMask = 2147483647;
			files = (
			);
			inputFileListPaths = (
			);
			inputPaths = (
			);
			outputFileListPaths = (
			);
			outputPaths = (
			);
			runOnlyForDeploymentPostprocessing = 0;
			shellPath = /bin/sh;
			shellScript = "export PATH=\"$PATH:/opt/homebrew/bin\"\nif which swiftlint > /dev/null; then\n  swiftlint\nelse\n  echo \"warning: SwiftLint not installed, download from https://github.com/realm/SwiftLint\"\nfi\n\n";
		};
/* End PBXShellScriptBuildPhase section */

/* Begin PBXSourcesBuildPhase section */
		6E1597EB29C9C0F3002C08B5 /* Sources */ = {
			isa = PBXSourcesBuildPhase;
			buildActionMask = 2147483647;
			files = (
				6E15987929CA3086002C08B5 /* TeamView.swift in Sources */,
				6E15988329CA3641002C08B5 /* DateHeaderViewModel.swift in Sources */,
				6E598ACB29CA6EFD00182056 /* HighlightFooterView.swift in Sources */,
				6E2404E929CB9C4800E564CB /* MatchesViewModelError.swift in Sources */,
				6E15987E29CA3260002C08B5 /* TeamViewModel.swift in Sources */,
				6E15986129C9E681002C08B5 /* MatchProviderProtocol.swift in Sources */,
				6E15986729CA16C0002C08B5 /* SectionHeaderReusableView.swift in Sources */,
				6E15985929C9DF04002C08B5 /* MatchProvider.swift in Sources */,
				6E15984429C9D1E0002C08B5 /* MatchesViewModel.swift in Sources */,
				6E15983C29C9CD86002C08B5 /* ImageLoader.swift in Sources */,
				6E27EA2929CCEC9200CB1218 /* FileManagerProviderError.swift in Sources */,
				6E598ADB29CB192D00182056 /* TeamDetailViewModel.swift in Sources */,
				6E15984D29C9D6EE002C08B5 /* Localizable.swift in Sources */,
				6E2404DF29CB843B00E564CB /* PreviousMatch+dateFormatted.swift in Sources */,
				6E15988029CA3425002C08B5 /* MatchCellViewModel.swift in Sources */,
				6EACB7C929CC6C5100A00BB5 /* main.swift in Sources */,
				6E15984929C9D640002C08B5 /* AppRouter.swift in Sources */,
				6E15983429C9CC19002C08B5 /* TeamEndpoint.swift in Sources */,
				6E15982029C9CB32002C08B5 /* UIView+addSubviews.swift in Sources */,
				6E15984729C9D5E3002C08B5 /* AppRouterProtocol.swift in Sources */,
				6E598ACD29CA726100182056 /* MatchesRouterProtocol.swift in Sources */,
				6E15985F29C9E673002C08B5 /* TeamProviderProtocol.swift in Sources */,
				6E598AD529CB0ADB00182056 /* MatchesViewModel+Section.swift in Sources */,
				6E15986B29CA272B002C08B5 /* MatchCell.swift in Sources */,
				6E15986E29CA27BC002C08B5 /* DateHeaderView.swift in Sources */,
				6E27EA2729CCEC7000CB1218 /* FileManagerProvider.swift in Sources */,
				6E598ACF29CB036F00182056 /* HighlightFooterViewModel.swift in Sources */,
				6E27EA2529CCEC6500CB1218 /* FileManagerProviderProtocol.swift in Sources */,
				6E15988529CA514F002C08B5 /* UIView+roundCorners.swift in Sources */,
				6E1597F329C9C0F3002C08B5 /* AppDelegate.swift in Sources */,
				6E15983A29C9CD7C002C08B5 /* ImageLoaderProtocol.swift in Sources */,
				6E15981529C9C708002C08B5 /* Matches.swift in Sources */,
				6E1597F529C9C0F3002C08B5 /* SceneDelegate.swift in Sources */,
				6E15981329C9C6A4002C08B5 /* MatchResponse.swift in Sources */,
				6E15987B29CA3188002C08B5 /* UIStackView+addArrangedSubviews.swift in Sources */,
				6E15987129CA288D002C08B5 /* StringToDateFormatter.swift in Sources */,
				6E598AD329CB0AAE00182056 /* MatchesViewModel+Item.swift in Sources */,
				6E15985B29C9DF0B002C08B5 /* TeamProvider.swift in Sources */,
				6E15986929CA16F2002C08B5 /* UICollectionReusableView+identifier.swift in Sources */,
				6E2404E729CB9C3900E564CB /* MatchesViewModelState.swift in Sources */,
				6E15983629C9CC1F002C08B5 /* MatchEndpoint.swift in Sources */,
				6E2404E529CB88AD00E564CB /* UIViewController+showAlert.swift in Sources */,
				6E2404DB29CB838E00E564CB /* Team+imageUrl.swift in Sources */,
				6E15984229C9D1DB002C08B5 /* MatchesView.swift in Sources */,
				6E598ADD29CB193800182056 /* TeamDetailViewController.swift in Sources */,
				6E15984029C9D1D6002C08B5 /* MatchesViewController.swift in Sources */,
				6E15981129C9C69A002C08B5 /* TeamResponse.swift in Sources */,
				6E15981E29C9CB12002C08B5 /* ViewCodable.swift in Sources */,
				6E2404DD29CB83FC00E564CB /* UpcomingMatch+dateFormatted.swift in Sources */,
				6E598AD929CB192500182056 /* TeamDetailView.swift in Sources */,
			);
			runOnlyForDeploymentPostprocessing = 0;
		};
		6E15982129C9CB62002C08B5 /* Sources */ = {
			isa = PBXSourcesBuildPhase;
			buildActionMask = 2147483647;
			files = (
				6E27E9F229CC73BB00CB1218 /* UIViewControllerShowAlertTests.swift in Sources */,
				6E27E9E929CC6F7000CB1218 /* MockStorage.swift in Sources */,
				6E27EA1629CC980300CB1218 /* MockMatchesRouterProtocol.swift in Sources */,
				6E27EA0329CC8E5E00CB1218 /* ImageLoaderTests.swift in Sources */,
				6E27E9ED29CC727800CB1218 /* UIViewRoundCornerTests.swift in Sources */,
				6E27EA1429CC97B100CB1218 /* MatchesViewControllerTests.swift in Sources */,
				6E27E9F429CC74F000CB1218 /* MockImageLoader.swift in Sources */,
				6E27E9F729CC7A5E00CB1218 /* MatchEndpointTests.swift in Sources */,
				6E27E9F929CC7AF800CB1218 /* TeamEndpointTests.swift in Sources */,
				6E27E9EB29CC721600CB1218 /* UIStackViewAddArrangedSubviewsTests.swift in Sources */,
				6E27EA0E29CC944F00CB1218 /* TeamDetailViewModelTests.swift in Sources */,
				6E27EA1A29CCA64900CB1218 /* MockMatchProvider.swift in Sources */,
				6E27EA1C29CCB1C000CB1218 /* TestingSceneDelegate.swift in Sources */,
				6E27EA1829CCA5B300CB1218 /* MockTeamProvider.swift in Sources */,
				6E27EA0C29CC908D00CB1218 /* TeamDetailViewControllerTests.swift in Sources */,
				6E27EA0629CC8F6600CB1218 /* StringToDateFormatterTests.swift in Sources */,
				6E27EA2029CCD63B00CB1218 /* MatchesViewModelTests.swift in Sources */,
				6E27EA3529CD007E00CB1218 /* TeamViewModelTests.swift in Sources */,
				6E27EA3729CD154600CB1218 /* MockFileManagerProvider.swift in Sources */,
				6EACB7CE29CC6CED00A00BB5 /* MockURLSessionNetworkingProtocol.swift in Sources */,
				6E27EA2D29CCFD1500CB1218 /* MatchCellTests.swift in Sources */,
				6EACB7CB29CC6C6900A00BB5 /* TestingAppDelegate.swift in Sources */,
				6E27EA2F29CCFE8300CB1218 /* MatchCellViewModelTests.swift in Sources */,
				6EACB7C729CC609500A00BB5 /* UICollectionReusableViewIdentifierTests.swift in Sources */,
				6E27EA3329CD007500CB1218 /* TeamViewTests.swift in Sources */,
				6E15983129C9CBA4002C08B5 /* UIViewAddSubviewsTests.swift in Sources */,
				6E27EA1E29CCB20600CB1218 /* TestingRootViewController.swift in Sources */,
			);
			runOnlyForDeploymentPostprocessing = 0;
		};
/* End PBXSourcesBuildPhase section */

/* Begin PBXTargetDependency section */
		6E15982A29C9CB62002C08B5 /* PBXTargetDependency */ = {
			isa = PBXTargetDependency;
			target = 6E1597EE29C9C0F3002C08B5 /* FootballApp */;
			targetProxy = 6E15982929C9CB62002C08B5 /* PBXContainerItemProxy */;
		};
/* End PBXTargetDependency section */

/* Begin PBXVariantGroup section */
		6E1597FD29C9C0F4002C08B5 /* LaunchScreen.storyboard */ = {
			isa = PBXVariantGroup;
			children = (
				6E1597FE29C9C0F4002C08B5 /* Base */,
				6E15984B29C9D6E6002C08B5 /* pt-BR */,
			);
			name = LaunchScreen.storyboard;
			sourceTree = "<group>";
		};
		6E15985229C9D701002C08B5 /* Localizable.strings */ = {
			isa = PBXVariantGroup;
			children = (
				6E15985129C9D701002C08B5 /* en */,
				6E15985329C9D704002C08B5 /* pt-BR */,
			);
			name = Localizable.strings;
			sourceTree = "<group>";
		};
/* End PBXVariantGroup section */

/* Begin XCBuildConfiguration section */
		6E15980129C9C0F4002C08B5 /* Debug */ = {
			isa = XCBuildConfiguration;
			buildSettings = {
				ALWAYS_SEARCH_USER_PATHS = NO;
				CLANG_ANALYZER_LOCALIZABILITY_NONLOCALIZED = YES;
				CLANG_ANALYZER_NONNULL = YES;
				CLANG_ANALYZER_NUMBER_OBJECT_CONVERSION = YES_AGGRESSIVE;
				CLANG_CXX_LANGUAGE_STANDARD = "gnu++20";
				CLANG_ENABLE_MODULES = YES;
				CLANG_ENABLE_OBJC_ARC = YES;
				CLANG_ENABLE_OBJC_WEAK = YES;
				CLANG_WARN_BLOCK_CAPTURE_AUTORELEASING = YES;
				CLANG_WARN_BOOL_CONVERSION = YES;
				CLANG_WARN_COMMA = YES;
				CLANG_WARN_CONSTANT_CONVERSION = YES;
				CLANG_WARN_DEPRECATED_OBJC_IMPLEMENTATIONS = YES;
				CLANG_WARN_DIRECT_OBJC_ISA_USAGE = YES_ERROR;
				CLANG_WARN_DOCUMENTATION_COMMENTS = YES;
				CLANG_WARN_EMPTY_BODY = YES;
				CLANG_WARN_ENUM_CONVERSION = YES;
				CLANG_WARN_INFINITE_RECURSION = YES;
				CLANG_WARN_INT_CONVERSION = YES;
				CLANG_WARN_NON_LITERAL_NULL_CONVERSION = YES;
				CLANG_WARN_OBJC_IMPLICIT_RETAIN_SELF = YES;
				CLANG_WARN_OBJC_LITERAL_CONVERSION = YES;
				CLANG_WARN_OBJC_ROOT_CLASS = YES_ERROR;
				CLANG_WARN_QUOTED_INCLUDE_IN_FRAMEWORK_HEADER = YES;
				CLANG_WARN_RANGE_LOOP_ANALYSIS = YES;
				CLANG_WARN_STRICT_PROTOTYPES = YES;
				CLANG_WARN_SUSPICIOUS_MOVE = YES;
				CLANG_WARN_UNGUARDED_AVAILABILITY = YES_AGGRESSIVE;
				CLANG_WARN_UNREACHABLE_CODE = YES;
				CLANG_WARN__DUPLICATE_METHOD_MATCH = YES;
				COPY_PHASE_STRIP = NO;
				DEBUG_INFORMATION_FORMAT = dwarf;
				ENABLE_STRICT_OBJC_MSGSEND = YES;
				ENABLE_TESTABILITY = YES;
				GCC_C_LANGUAGE_STANDARD = gnu11;
				GCC_DYNAMIC_NO_PIC = NO;
				GCC_NO_COMMON_BLOCKS = YES;
				GCC_OPTIMIZATION_LEVEL = 0;
				GCC_PREPROCESSOR_DEFINITIONS = (
					"DEBUG=1",
					"$(inherited)",
				);
				GCC_WARN_64_TO_32_BIT_CONVERSION = YES;
				GCC_WARN_ABOUT_RETURN_TYPE = YES_ERROR;
				GCC_WARN_UNDECLARED_SELECTOR = YES;
				GCC_WARN_UNINITIALIZED_AUTOS = YES_AGGRESSIVE;
				GCC_WARN_UNUSED_FUNCTION = YES;
				GCC_WARN_UNUSED_VARIABLE = YES;
				IPHONEOS_DEPLOYMENT_TARGET = 16.1;
				MTL_ENABLE_DEBUG_INFO = INCLUDE_SOURCE;
				MTL_FAST_MATH = YES;
				ONLY_ACTIVE_ARCH = YES;
				SDKROOT = iphoneos;
				SWIFT_ACTIVE_COMPILATION_CONDITIONS = DEBUG;
				SWIFT_OPTIMIZATION_LEVEL = "-Onone";
			};
			name = Debug;
		};
		6E15980229C9C0F4002C08B5 /* Release */ = {
			isa = XCBuildConfiguration;
			buildSettings = {
				ALWAYS_SEARCH_USER_PATHS = NO;
				CLANG_ANALYZER_LOCALIZABILITY_NONLOCALIZED = YES;
				CLANG_ANALYZER_NONNULL = YES;
				CLANG_ANALYZER_NUMBER_OBJECT_CONVERSION = YES_AGGRESSIVE;
				CLANG_CXX_LANGUAGE_STANDARD = "gnu++20";
				CLANG_ENABLE_MODULES = YES;
				CLANG_ENABLE_OBJC_ARC = YES;
				CLANG_ENABLE_OBJC_WEAK = YES;
				CLANG_WARN_BLOCK_CAPTURE_AUTORELEASING = YES;
				CLANG_WARN_BOOL_CONVERSION = YES;
				CLANG_WARN_COMMA = YES;
				CLANG_WARN_CONSTANT_CONVERSION = YES;
				CLANG_WARN_DEPRECATED_OBJC_IMPLEMENTATIONS = YES;
				CLANG_WARN_DIRECT_OBJC_ISA_USAGE = YES_ERROR;
				CLANG_WARN_DOCUMENTATION_COMMENTS = YES;
				CLANG_WARN_EMPTY_BODY = YES;
				CLANG_WARN_ENUM_CONVERSION = YES;
				CLANG_WARN_INFINITE_RECURSION = YES;
				CLANG_WARN_INT_CONVERSION = YES;
				CLANG_WARN_NON_LITERAL_NULL_CONVERSION = YES;
				CLANG_WARN_OBJC_IMPLICIT_RETAIN_SELF = YES;
				CLANG_WARN_OBJC_LITERAL_CONVERSION = YES;
				CLANG_WARN_OBJC_ROOT_CLASS = YES_ERROR;
				CLANG_WARN_QUOTED_INCLUDE_IN_FRAMEWORK_HEADER = YES;
				CLANG_WARN_RANGE_LOOP_ANALYSIS = YES;
				CLANG_WARN_STRICT_PROTOTYPES = YES;
				CLANG_WARN_SUSPICIOUS_MOVE = YES;
				CLANG_WARN_UNGUARDED_AVAILABILITY = YES_AGGRESSIVE;
				CLANG_WARN_UNREACHABLE_CODE = YES;
				CLANG_WARN__DUPLICATE_METHOD_MATCH = YES;
				COPY_PHASE_STRIP = NO;
				DEBUG_INFORMATION_FORMAT = "dwarf-with-dsym";
				ENABLE_NS_ASSERTIONS = NO;
				ENABLE_STRICT_OBJC_MSGSEND = YES;
				GCC_C_LANGUAGE_STANDARD = gnu11;
				GCC_NO_COMMON_BLOCKS = YES;
				GCC_WARN_64_TO_32_BIT_CONVERSION = YES;
				GCC_WARN_ABOUT_RETURN_TYPE = YES_ERROR;
				GCC_WARN_UNDECLARED_SELECTOR = YES;
				GCC_WARN_UNINITIALIZED_AUTOS = YES_AGGRESSIVE;
				GCC_WARN_UNUSED_FUNCTION = YES;
				GCC_WARN_UNUSED_VARIABLE = YES;
				IPHONEOS_DEPLOYMENT_TARGET = 16.1;
				MTL_ENABLE_DEBUG_INFO = NO;
				MTL_FAST_MATH = YES;
				SDKROOT = iphoneos;
				SWIFT_COMPILATION_MODE = wholemodule;
				SWIFT_OPTIMIZATION_LEVEL = "-O";
				VALIDATE_PRODUCT = YES;
			};
			name = Release;
		};
		6E15980429C9C0F4002C08B5 /* Debug */ = {
			isa = XCBuildConfiguration;
			buildSettings = {
				ASSETCATALOG_COMPILER_APPICON_NAME = AppIcon;
				ASSETCATALOG_COMPILER_GLOBAL_ACCENT_COLOR_NAME = AccentColor;
				CODE_SIGN_STYLE = Automatic;
				CURRENT_PROJECT_VERSION = 1;
				DEVELOPMENT_TEAM = 7X3PHL6VGW;
				GENERATE_INFOPLIST_FILE = YES;
				INFOPLIST_FILE = FootballApp/Core/Info.plist;
				INFOPLIST_KEY_UIApplicationSupportsIndirectInputEvents = YES;
				INFOPLIST_KEY_UILaunchStoryboardName = LaunchScreen;
				INFOPLIST_KEY_UISupportedInterfaceOrientations_iPad = "UIInterfaceOrientationPortrait UIInterfaceOrientationPortraitUpsideDown UIInterfaceOrientationLandscapeLeft UIInterfaceOrientationLandscapeRight";
				INFOPLIST_KEY_UISupportedInterfaceOrientations_iPhone = "UIInterfaceOrientationPortrait UIInterfaceOrientationLandscapeLeft UIInterfaceOrientationLandscapeRight";
				LD_RUNPATH_SEARCH_PATHS = (
					"$(inherited)",
					"@executable_path/Frameworks",
				);
				MARKETING_VERSION = 1.0;
				PRODUCT_BUNDLE_IDENTIFIER = com.luisgustavo.FootballApp;
				PRODUCT_NAME = "$(TARGET_NAME)";
				SWIFT_EMIT_LOC_STRINGS = YES;
				SWIFT_VERSION = 5.0;
				TARGETED_DEVICE_FAMILY = "1,2";
			};
			name = Debug;
		};
		6E15980529C9C0F4002C08B5 /* Release */ = {
			isa = XCBuildConfiguration;
			buildSettings = {
				ASSETCATALOG_COMPILER_APPICON_NAME = AppIcon;
				ASSETCATALOG_COMPILER_GLOBAL_ACCENT_COLOR_NAME = AccentColor;
				CODE_SIGN_STYLE = Automatic;
				CURRENT_PROJECT_VERSION = 1;
				DEVELOPMENT_TEAM = 7X3PHL6VGW;
				GENERATE_INFOPLIST_FILE = YES;
				INFOPLIST_FILE = FootballApp/Core/Info.plist;
				INFOPLIST_KEY_UIApplicationSupportsIndirectInputEvents = YES;
				INFOPLIST_KEY_UILaunchStoryboardName = LaunchScreen;
				INFOPLIST_KEY_UISupportedInterfaceOrientations_iPad = "UIInterfaceOrientationPortrait UIInterfaceOrientationPortraitUpsideDown UIInterfaceOrientationLandscapeLeft UIInterfaceOrientationLandscapeRight";
				INFOPLIST_KEY_UISupportedInterfaceOrientations_iPhone = "UIInterfaceOrientationPortrait UIInterfaceOrientationLandscapeLeft UIInterfaceOrientationLandscapeRight";
				LD_RUNPATH_SEARCH_PATHS = (
					"$(inherited)",
					"@executable_path/Frameworks",
				);
				MARKETING_VERSION = 1.0;
				PRODUCT_BUNDLE_IDENTIFIER = com.luisgustavo.FootballApp;
				PRODUCT_NAME = "$(TARGET_NAME)";
				SWIFT_EMIT_LOC_STRINGS = YES;
				SWIFT_VERSION = 5.0;
				TARGETED_DEVICE_FAMILY = "1,2";
			};
			name = Release;
		};
		6E15982C29C9CB62002C08B5 /* Debug */ = {
			isa = XCBuildConfiguration;
			buildSettings = {
				BUNDLE_LOADER = "$(TEST_HOST)";
				CLANG_ENABLE_MODULES = YES;
				CODE_SIGN_STYLE = Automatic;
				CURRENT_PROJECT_VERSION = 1;
				DEVELOPMENT_TEAM = A93689JNSR;
				GENERATE_INFOPLIST_FILE = YES;
				LD_RUNPATH_SEARCH_PATHS = (
					"$(inherited)",
					"@executable_path/Frameworks",
					"@loader_path/Frameworks",
				);
				MARKETING_VERSION = 1.0;
				PRODUCT_BUNDLE_IDENTIFIER = com.luisgustavo.FootballAppTests;
				PRODUCT_NAME = "$(TARGET_NAME)";
				SWIFT_EMIT_LOC_STRINGS = NO;
				SWIFT_OBJC_BRIDGING_HEADER = "FootballAppTests/Extensions/FootballAppTests-Bridging-Header.h";
				SWIFT_OPTIMIZATION_LEVEL = "-Onone";
				SWIFT_VERSION = 5.0;
				TARGETED_DEVICE_FAMILY = "1,2";
				TEST_HOST = "$(BUILT_PRODUCTS_DIR)/FootballApp.app/$(BUNDLE_EXECUTABLE_FOLDER_PATH)/FootballApp";
			};
			name = Debug;
		};
		6E15982D29C9CB62002C08B5 /* Release */ = {
			isa = XCBuildConfiguration;
			buildSettings = {
				BUNDLE_LOADER = "$(TEST_HOST)";
				CLANG_ENABLE_MODULES = YES;
				CODE_SIGN_STYLE = Automatic;
				CURRENT_PROJECT_VERSION = 1;
				DEVELOPMENT_TEAM = A93689JNSR;
				GENERATE_INFOPLIST_FILE = YES;
				LD_RUNPATH_SEARCH_PATHS = (
					"$(inherited)",
					"@executable_path/Frameworks",
					"@loader_path/Frameworks",
				);
				MARKETING_VERSION = 1.0;
				PRODUCT_BUNDLE_IDENTIFIER = com.luisgustavo.FootballAppTests;
				PRODUCT_NAME = "$(TARGET_NAME)";
				SWIFT_EMIT_LOC_STRINGS = NO;
				SWIFT_OBJC_BRIDGING_HEADER = "FootballAppTests/Extensions/FootballAppTests-Bridging-Header.h";
				SWIFT_VERSION = 5.0;
				TARGETED_DEVICE_FAMILY = "1,2";
				TEST_HOST = "$(BUILT_PRODUCTS_DIR)/FootballApp.app/$(BUNDLE_EXECUTABLE_FOLDER_PATH)/FootballApp";
			};
			name = Release;
		};
/* End XCBuildConfiguration section */

/* Begin XCConfigurationList section */
		6E1597EA29C9C0F3002C08B5 /* Build configuration list for PBXProject "FootballApp" */ = {
			isa = XCConfigurationList;
			buildConfigurations = (
				6E15980129C9C0F4002C08B5 /* Debug */,
				6E15980229C9C0F4002C08B5 /* Release */,
			);
			defaultConfigurationIsVisible = 0;
			defaultConfigurationName = Release;
		};
		6E15980329C9C0F4002C08B5 /* Build configuration list for PBXNativeTarget "FootballApp" */ = {
			isa = XCConfigurationList;
			buildConfigurations = (
				6E15980429C9C0F4002C08B5 /* Debug */,
				6E15980529C9C0F4002C08B5 /* Release */,
			);
			defaultConfigurationIsVisible = 0;
			defaultConfigurationName = Release;
		};
		6E15982B29C9CB62002C08B5 /* Build configuration list for PBXNativeTarget "FootballAppTests" */ = {
			isa = XCConfigurationList;
			buildConfigurations = (
				6E15982C29C9CB62002C08B5 /* Debug */,
				6E15982D29C9CB62002C08B5 /* Release */,
			);
			defaultConfigurationIsVisible = 0;
			defaultConfigurationName = Release;
		};
/* End XCConfigurationList section */

/* Begin XCRemoteSwiftPackageReference section */
		6E27E9EE29CC72BB00CB1218 /* XCRemoteSwiftPackageReference "swift-snapshot-testing" */ = {
			isa = XCRemoteSwiftPackageReference;
			repositoryURL = "https://github.com/pointfreeco/swift-snapshot-testing";
			requirement = {
				branch = main;
				kind = branch;
			};
		};
/* End XCRemoteSwiftPackageReference section */

/* Begin XCSwiftPackageProductDependency section */
		6E15981929C9CAA1002C08B5 /* Networking */ = {
			isa = XCSwiftPackageProductDependency;
			productName = Networking;
		};
		6E15985529C9DB17002C08B5 /* DIContainer */ = {
			isa = XCSwiftPackageProductDependency;
			productName = DIContainer;
		};
		6E2404D829CB824200E564CB /* Models */ = {
			isa = XCSwiftPackageProductDependency;
			productName = Models;
		};
		6E2404E229CB86D100E564CB /* Storage */ = {
			isa = XCSwiftPackageProductDependency;
			productName = Storage;
		};
		6E27E9EF29CC72BB00CB1218 /* SnapshotTesting */ = {
			isa = XCSwiftPackageProductDependency;
			package = 6E27E9EE29CC72BB00CB1218 /* XCRemoteSwiftPackageReference "swift-snapshot-testing" */;
			productName = SnapshotTesting;
		};
		6EACB7CF29CC6CFB00A00BB5 /* Networking */ = {
			isa = XCSwiftPackageProductDependency;
			productName = Networking;
		};
		6EACB7D129CC6CFF00A00BB5 /* Models */ = {
			isa = XCSwiftPackageProductDependency;
			productName = Models;
		};
		6EACB7D329CC6D0200A00BB5 /* DIContainer */ = {
			isa = XCSwiftPackageProductDependency;
			productName = DIContainer;
		};
/* End XCSwiftPackageProductDependency section */
	};
	rootObject = 6E1597E729C9C0F3002C08B5 /* Project object */;
}
